<?xml version="1.0" encoding="utf-8"?>
<Project ToolsVersion="4.0" xmlns="http://schemas.microsoft.com/developer/msbuild/2003">
  <ItemGroup>
    <ClCompile Include="clickArea\EllipseArea.cpp" />
    <ClCompile Include="glad.c" />
    <ClCompile Include="level\level.cpp" />
    <ClCompile Include="main.cpp" />
    <ClCompile Include="AdditionalMathFunction\AdditionalMathFunction.cpp" />
    <ClCompile Include="Shape\Axes.cpp" />
    <ClCompile Include="Shape\Character.cpp" />
    <ClCompile Include="Shape\Corn.cpp" />
    <ClCompile Include="Shape\Cube.cpp" />
    <ClCompile Include="Shape\Cylinder.cpp" />
    <ClCompile Include="Shape\Goal.cpp" />
    <ClCompile Include="Shape\L_Shape.cpp" />
    <ClCompile Include="Shape\Rotary_Knob.cpp" />
    <ClCompile Include="Shape\Slope.cpp" />
    <ClCompile Include="Shape\Circle.cpp" />
    <ClCompile Include="Shape\Sphere.cpp" />
    <ClCompile Include="Shape\Shape.cpp" />
    <ClCompile Include="Face\Face.cpp" />
    <ClCompile Include="Movement\Movement.cpp" />
    <ClCompile Include="Shape\Cuboid.cpp" />
    <ClCompile Include="Shape\Line.cpp" />
    <ClCompile Include="Math\Math.cpp" />
  </ItemGroup>
  <ItemGroup>
    <ClInclude Include="headerFile\AdditionalMathFunction.h" />
    <ClInclude Include="headerFile\camera.h" />
    <ClInclude Include="headerFile\Level.h" />
    <ClInclude Include="headerFile\Shape.h" />
    <ClInclude Include="headerFile\mesh.h" />
    <ClInclude Include="headerFile\model.h" />
    <ClInclude Include="headerFile\Shader.h" />
    <ClInclude Include="headerFile\ClickArea.h" />
    <ClInclude Include="headerFile\Face.h" />
    <ClInclude Include="headerFile\Movement.h" />
    <ClInclude Include="headerFile\Math.h" />
  </ItemGroup>
  <ItemGroup>
    <None Include="shader\default.frag" />
    <None Include="shader\default.vert" />
    <None Include="shader\test.frag" />
    <None Include="shader\test.vert" />
  </ItemGroup>
</Project>