<?xml version="1.0" encoding="utf-8"?>
<Project ToolsVersion="4.0" xmlns="http://schemas.microsoft.com/developer/msbuild/2003">
  <ItemGroup>
    <ClCompile Include="clickArea\EllipseArea.cpp" />
    <ClCompile Include="glad.c" />
    <ClCompile Include="level\level.cpp" />
    <ClCompile Include="main.cpp" />
    <ClCompile Include="AdditionalMathFunction\AdditionalMathFunction.cpp" />
    <ClCompile Include="Face\Face.cpp" />
    <ClCompile Include="MoveDrc\MoveDrc.cpp" />
    <ClCompile Include="Math\Math.cpp" />
    <ClCompile Include="Object\ActerCanGoObject.cpp" />
    <ClCompile Include="Object\Axes.cpp" />
    <ClCompile Include="Object\Acter.cpp" />
    <ClCompile Include="Object\Circle.cpp" />
    <ClCompile Include="Object\Corn.cpp" />
    <ClCompile Include="Object\Cube.cpp" />
    <ClCompile Include="Object\Cuboid.cpp" />
    <ClCompile Include="Object\Cylinder.cpp" />
    <ClCompile Include="Object\Goal.cpp" />
    <ClCompile Include="Object\Line.cpp" />
    <ClCompile Include="Object\Ornament.cpp" />
    <ClCompile Include="Object\Rotary_Knob.cpp" />
    <ClCompile Include="Object\Shape.cpp" />
    <ClCompile Include="Object\Sphere.cpp" />
    <ClCompile Include="Object\CanBeLocated.cpp" />
    <ClCompile Include="Object\Rotatable.cpp" />
  </ItemGroup>
  <ItemGroup>
    <ClInclude Include="headerFile\AdditionalMathFunction.h" />
    <ClInclude Include="headerFile\camera.h" />
    <ClInclude Include="headerFile\Level.h" />
    <ClInclude Include="headerFile\Shape.h" />
    <ClInclude Include="headerFile\Shader.h" />
    <ClInclude Include="headerFile\ClickArea.h" />
    <ClInclude Include="headerFile\Face.h" />
    <ClInclude Include="headerFile\MoveDrc.h" />
    <ClInclude Include="headerFile\Math.h" />
    <ClInclude Include="headerFile\Rotatable.h" />
    <ClInclude Include="headerFile\Ornament.h" />
    <ClInclude Include="headerFile\CanBeLocated.h" />
    <ClInclude Include="headerFile\ActerCanGoObject.h" />
  </ItemGroup>
  <ItemGroup>
    <None Include="shader\default.frag" />
    <None Include="shader\default.vert" />
    <None Include="shader\line.frag" />
    <None Include="shader\line.vert" />
  </ItemGroup>
</Project>